Microsoft Visual Studio Solution File, Format Version 12.00
# Visual Studio Version 17
VisualStudioVersion = 17.5.2.0
MinimumVisualStudioVersion = 10.0.40219.1
Project("{FAE04EC0-301F-11D3-BF4B-00C04F79EFBC}") = "BrigadeiroApp", "BrigadeiroApp.csproj", "{2D786045-2BA5-F881-285E-C6B3F14B8FB6}"
EndProject
Global
	GlobalSection(SolutionConfigurationPlatforms) = preSolution
		Debug|Any CPU = Debug|Any CPU
		Release|Any CPU = Release|Any CPU
	EndGlobalSection
	GlobalSection(ProjectConfigurationPlatforms) = postSolution
		{2D786045-2BA5-F881-285E-C6B3F14B8FB6}.Debug|Any CPU.ActiveCfg = Debug|Any CPU
		{2D786045-2BA5-F881-285E-C6B3F14B8FB6}.Debug|Any CPU.Build.0 = Debug|Any CPU
		{2D786045-2BA5-F881-285E-C6B3F14B8FB6}.Release|Any CPU.ActiveCfg = Release|Any CPU
		{2D786045-2BA5-F881-285E-C6B3F14B8FB6}.Release|Any CPU.Build.0 = Release|Any CPU
	EndGlobalSection
	GlobalSection(SolutionProperties) = preSolution
		HideSolutionNode = FALSE
	EndGlobalSection
	GlobalSection(ExtensibilityGlobals) = postSolution
		SolutionGuid = {3A9D98F0-E0C2-44D7-9D73-62D5E0C9C44F}
	EndGlobalSection
EndGlobal
